// !$*UTF8*$!
{
	archiveVersion = 1;
	classes = {
	};
	objectVersion = 46;
	objects = {

/* Begin PBXBuildFile section */
		810110D41DD207B0007D39AC /* AppDelegate.swift in Sources */ = {isa = PBXBuildFile; fileRef = 810110D31DD207B0007D39AC /* AppDelegate.swift */; };
		810110D61DD207B0007D39AC /* ViewController.swift in Sources */ = {isa = PBXBuildFile; fileRef = 810110D51DD207B0007D39AC /* ViewController.swift */; };
		810110D91DD207B0007D39AC /* Main.storyboard in Resources */ = {isa = PBXBuildFile; fileRef = 810110D71DD207B0007D39AC /* Main.storyboard */; };
		810110DB1DD207B0007D39AC /* Assets.xcassets in Resources */ = {isa = PBXBuildFile; fileRef = 810110DA1DD207B0007D39AC /* Assets.xcassets */; };
		810110DE1DD207B0007D39AC /* LaunchScreen.storyboard in Resources */ = {isa = PBXBuildFile; fileRef = 810110DC1DD207B0007D39AC /* LaunchScreen.storyboard */; };
		810110E91DD207B0007D39AC /* DatabaseExampleTests.swift in Sources */ = {isa = PBXBuildFile; fileRef = 810110E81DD207B0007D39AC /* DatabaseExampleTests.swift */; };
		810110F61DD20C10007D39AC /* libsqlite3.0.tbd in Frameworks */ = {isa = PBXBuildFile; fileRef = 810110F41DD20C10007D39AC /* libsqlite3.0.tbd */; };
		810110F71DD20C10007D39AC /* libsqlite3.tbd in Frameworks */ = {isa = PBXBuildFile; fileRef = 810110F51DD20C10007D39AC /* libsqlite3.tbd */; };
		810111441DD21386007D39AC /* FMDatabase.m in Sources */ = {isa = PBXBuildFile; fileRef = 8101113A1DD21386007D39AC /* FMDatabase.m */; };
		810111451DD21386007D39AC /* FMDatabaseAdditions.m in Sources */ = {isa = PBXBuildFile; fileRef = 8101113C1DD21386007D39AC /* FMDatabaseAdditions.m */; };
		810111461DD21386007D39AC /* FMDatabasePool.m in Sources */ = {isa = PBXBuildFile; fileRef = 8101113E1DD21386007D39AC /* FMDatabasePool.m */; };
		810111471DD21386007D39AC /* FMDatabaseQueue.m in Sources */ = {isa = PBXBuildFile; fileRef = 810111401DD21386007D39AC /* FMDatabaseQueue.m */; };
		810111481DD21386007D39AC /* FMResultSet.m in Sources */ = {isa = PBXBuildFile; fileRef = 810111431DD21386007D39AC /* FMResultSet.m */; };
/* End PBXBuildFile section */

/* Begin PBXContainerItemProxy section */
		810110E51DD207B0007D39AC /* PBXContainerItemProxy */ = {
			isa = PBXContainerItemProxy;
			containerPortal = 810110C81DD207B0007D39AC /* Project object */;
			proxyType = 1;
			remoteGlobalIDString = 810110CF1DD207B0007D39AC;
			remoteInfo = DatabaseExample;
		};
/* End PBXContainerItemProxy section */

/* Begin PBXFileReference section */
		810110D01DD207B0007D39AC /* DatabaseExample.app */ = {isa = PBXFileReference; explicitFileType = wrapper.application; includeInIndex = 0; path = DatabaseExample.app; sourceTree = BUILT_PRODUCTS_DIR; };
		810110D31DD207B0007D39AC /* AppDelegate.swift */ = {isa = PBXFileReference; lastKnownFileType = sourcecode.swift; path = AppDelegate.swift; sourceTree = "<group>"; };
		810110D51DD207B0007D39AC /* ViewController.swift */ = {isa = PBXFileReference; lastKnownFileType = sourcecode.swift; path = ViewController.swift; sourceTree = "<group>"; };
		810110D81DD207B0007D39AC /* Base */ = {isa = PBXFileReference; lastKnownFileType = file.storyboard; name = Base; path = Base.lproj/Main.storyboard; sourceTree = "<group>"; };
		810110DA1DD207B0007D39AC /* Assets.xcassets */ = {isa = PBXFileReference; lastKnownFileType = folder.assetcatalog; path = Assets.xcassets; sourceTree = "<group>"; };
		810110DD1DD207B0007D39AC /* Base */ = {isa = PBXFileReference; lastKnownFileType = file.storyboard; name = Base; path = Base.lproj/LaunchScreen.storyboard; sourceTree = "<group>"; };
		810110DF1DD207B0007D39AC /* Info.plist */ = {isa = PBXFileReference; lastKnownFileType = text.plist.xml; path = Info.plist; sourceTree = "<group>"; };
		810110E41DD207B0007D39AC /* DatabaseExampleTests.xctest */ = {isa = PBXFileReference; explicitFileType = wrapper.cfbundle; includeInIndex = 0; path = DatabaseExampleTests.xctest; sourceTree = BUILT_PRODUCTS_DIR; };
		810110E81DD207B0007D39AC /* DatabaseExampleTests.swift */ = {isa = PBXFileReference; lastKnownFileType = sourcecode.swift; path = DatabaseExampleTests.swift; sourceTree = "<group>"; };
		810110EA1DD207B0007D39AC /* Info.plist */ = {isa = PBXFileReference; lastKnownFileType = text.plist.xml; path = Info.plist; sourceTree = "<group>"; };
		810110F41DD20C10007D39AC /* libsqlite3.0.tbd */ = {isa = PBXFileReference; lastKnownFileType = "sourcecode.text-based-dylib-definition"; name = libsqlite3.0.tbd; path = usr/lib/libsqlite3.0.tbd; sourceTree = SDKROOT; };
		810110F51DD20C10007D39AC /* libsqlite3.tbd */ = {isa = PBXFileReference; lastKnownFileType = "sourcecode.text-based-dylib-definition"; name = libsqlite3.tbd; path = usr/lib/libsqlite3.tbd; sourceTree = SDKROOT; };
		810110F81DD20CA6007D39AC /* DatabaseExample-Bridging-Header.h */ = {isa = PBXFileReference; lastKnownFileType = sourcecode.c.h; path = "DatabaseExample-Bridging-Header.h"; sourceTree = "<group>"; };
		810111391DD21386007D39AC /* FMDatabase.h */ = {isa = PBXFileReference; fileEncoding = 4; lastKnownFileType = sourcecode.c.h; name = FMDatabase.h; path = "fmdb-files/FMDatabase.h"; sourceTree = "<group>"; };
		8101113A1DD21386007D39AC /* FMDatabase.m */ = {isa = PBXFileReference; fileEncoding = 4; lastKnownFileType = sourcecode.c.objc; name = FMDatabase.m; path = "fmdb-files/FMDatabase.m"; sourceTree = "<group>"; };
		8101113B1DD21386007D39AC /* FMDatabaseAdditions.h */ = {isa = PBXFileReference; fileEncoding = 4; lastKnownFileType = sourcecode.c.h; name = FMDatabaseAdditions.h; path = "fmdb-files/FMDatabaseAdditions.h"; sourceTree = "<group>"; };
		8101113C1DD21386007D39AC /* FMDatabaseAdditions.m */ = {isa = PBXFileReference; fileEncoding = 4; lastKnownFileType = sourcecode.c.objc; name = FMDatabaseAdditions.m; path = "fmdb-files/FMDatabaseAdditions.m"; sourceTree = "<group>"; };
		8101113D1DD21386007D39AC /* FMDatabasePool.h */ = {isa = PBXFileReference; fileEncoding = 4; lastKnownFileType = sourcecode.c.h; name = FMDatabasePool.h; path = "fmdb-files/FMDatabasePool.h"; sourceTree = "<group>"; };
		8101113E1DD21386007D39AC /* FMDatabasePool.m */ = {isa = PBXFileReference; fileEncoding = 4; lastKnownFileType = sourcecode.c.objc; name = FMDatabasePool.m; path = "fmdb-files/FMDatabasePool.m"; sourceTree = "<group>"; };
		8101113F1DD21386007D39AC /* FMDatabaseQueue.h */ = {isa = PBXFileReference; fileEncoding = 4; lastKnownFileType = sourcecode.c.h; name = FMDatabaseQueue.h; path = "fmdb-files/FMDatabaseQueue.h"; sourceTree = "<group>"; };
		810111401DD21386007D39AC /* FMDatabaseQueue.m */ = {isa = PBXFileReference; fileEncoding = 4; lastKnownFileType = sourcecode.c.objc; name = FMDatabaseQueue.m; path = "fmdb-files/FMDatabaseQueue.m"; sourceTree = "<group>"; };
		810111411DD21386007D39AC /* FMDB.h */ = {isa = PBXFileReference; fileEncoding = 4; lastKnownFileType = sourcecode.c.h; name = FMDB.h; path = "fmdb-files/FMDB.h"; sourceTree = "<group>"; };
		810111421DD21386007D39AC /* FMResultSet.h */ = {isa = PBXFileReference; fileEncoding = 4; lastKnownFileType = sourcecode.c.h; name = FMResultSet.h; path = "fmdb-files/FMResultSet.h"; sourceTree = "<group>"; };
		810111431DD21386007D39AC /* FMResultSet.m */ = {isa = PBXFileReference; fileEncoding = 4; lastKnownFileType = sourcecode.c.objc; name = FMResultSet.m; path = "fmdb-files/FMResultSet.m"; sourceTree = "<group>"; };
/* End PBXFileReference section */

/* Begin PBXFrameworksBuildPhase section */
		810110CD1DD207B0007D39AC /* Frameworks */ = {
			isa = PBXFrameworksBuildPhase;
			buildActionMask = 2147483647;
			files = (
				810110F61DD20C10007D39AC /* libsqlite3.0.tbd in Frameworks */,
				810110F71DD20C10007D39AC /* libsqlite3.tbd in Frameworks */,
			);
			runOnlyForDeploymentPostprocessing = 0;
		};
		810110E11DD207B0007D39AC /* Frameworks */ = {
			isa = PBXFrameworksBuildPhase;
			buildActionMask = 2147483647;
			files = (
			);
			runOnlyForDeploymentPostprocessing = 0;
		};
/* End PBXFrameworksBuildPhase section */

/* Begin PBXGroup section */
		810110C71DD207B0007D39AC = {
			isa = PBXGroup;
			children = (
				810110D21DD207B0007D39AC /* DatabaseExample */,
				810110E71DD207B0007D39AC /* DatabaseExampleTests */,
				810110D11DD207B0007D39AC /* Products */,
				810110F31DD20C0F007D39AC /* Frameworks */,
			);
			sourceTree = "<group>";
		};
		810110D11DD207B0007D39AC /* Products */ = {
			isa = PBXGroup;
			children = (
				810110D01DD207B0007D39AC /* DatabaseExample.app */,
				810110E41DD207B0007D39AC /* DatabaseExampleTests.xctest */,
			);
			name = Products;
			sourceTree = "<group>";
		};
		810110D21DD207B0007D39AC /* DatabaseExample */ = {
			isa = PBXGroup;
			children = (
				810111391DD21386007D39AC /* FMDatabase.h */,
				8101113A1DD21386007D39AC /* FMDatabase.m */,
				8101113B1DD21386007D39AC /* FMDatabaseAdditions.h */,
				8101113C1DD21386007D39AC /* FMDatabaseAdditions.m */,
				8101113D1DD21386007D39AC /* FMDatabasePool.h */,
				8101113E1DD21386007D39AC /* FMDatabasePool.m */,
				8101113F1DD21386007D39AC /* FMDatabaseQueue.h */,
				810111401DD21386007D39AC /* FMDatabaseQueue.m */,
				810111411DD21386007D39AC /* FMDB.h */,
				810111421DD21386007D39AC /* FMResultSet.h */,
				810111431DD21386007D39AC /* FMResultSet.m */,
				810110D31DD207B0007D39AC /* AppDelegate.swift */,
				810110D51DD207B0007D39AC /* ViewController.swift */,
				810110D71DD207B0007D39AC /* Main.storyboard */,
				810110DA1DD207B0007D39AC /* Assets.xcassets */,
				810110DC1DD207B0007D39AC /* LaunchScreen.storyboard */,
				810110DF1DD207B0007D39AC /* Info.plist */,
				810110F81DD20CA6007D39AC /* DatabaseExample-Bridging-Header.h */,
			);
			path = DatabaseExample;
			sourceTree = "<group>";
		};
		810110E71DD207B0007D39AC /* DatabaseExampleTests */ = {
			isa = PBXGroup;
			children = (
				810110E81DD207B0007D39AC /* DatabaseExampleTests.swift */,
				810110EA1DD207B0007D39AC /* Info.plist */,
			);
			path = DatabaseExampleTests;
			sourceTree = "<group>";
		};
		810110F31DD20C0F007D39AC /* Frameworks */ = {
			isa = PBXGroup;
			children = (
				810110F41DD20C10007D39AC /* libsqlite3.0.tbd */,
				810110F51DD20C10007D39AC /* libsqlite3.tbd */,
			);
			name = Frameworks;
			sourceTree = "<group>";
		};
/* End PBXGroup section */

/* Begin PBXNativeTarget section */
		810110CF1DD207B0007D39AC /* DatabaseExample */ = {
			isa = PBXNativeTarget;
			buildConfigurationList = 810110ED1DD207B0007D39AC /* Build configuration list for PBXNativeTarget "DatabaseExample" */;
			buildPhases = (
				810110CC1DD207B0007D39AC /* Sources */,
				810110CD1DD207B0007D39AC /* Frameworks */,
				810110CE1DD207B0007D39AC /* Resources */,
			);
			buildRules = (
			);
			dependencies = (
			);
			name = DatabaseExample;
			productName = DatabaseExample;
			productReference = 810110D01DD207B0007D39AC /* DatabaseExample.app */;
			productType = "com.apple.product-type.application";
		};
		810110E31DD207B0007D39AC /* DatabaseExampleTests */ = {
			isa = PBXNativeTarget;
			buildConfigurationList = 810110F01DD207B0007D39AC /* Build configuration list for PBXNativeTarget "DatabaseExampleTests" */;
			buildPhases = (
				810110E01DD207B0007D39AC /* Sources */,
				810110E11DD207B0007D39AC /* Frameworks */,
				810110E21DD207B0007D39AC /* Resources */,
			);
			buildRules = (
			);
			dependencies = (
				810110E61DD207B0007D39AC /* PBXTargetDependency */,
			);
			name = DatabaseExampleTests;
			productName = DatabaseExampleTests;
			productReference = 810110E41DD207B0007D39AC /* DatabaseExampleTests.xctest */;
			productType = "com.apple.product-type.bundle.unit-test";
		};
/* End PBXNativeTarget section */

/* Begin PBXProject section */
		810110C81DD207B0007D39AC /* Project object */ = {
			isa = PBXProject;
			attributes = {
				LastSwiftUpdateCheck = 0810;
				LastUpgradeCheck = 0810;
				ORGANIZATIONNAME = "Russell Gordon";
				TargetAttributes = {
					810110CF1DD207B0007D39AC = {
						CreatedOnToolsVersion = 8.1;
						DevelopmentTeam = U2ZN2W2UQJ;
						LastSwiftMigration = 0810;
						ProvisioningStyle = Automatic;
					};
					810110E31DD207B0007D39AC = {
						CreatedOnToolsVersion = 8.1;
						DevelopmentTeam = U2ZN2W2UQJ;
						ProvisioningStyle = Automatic;
						TestTargetID = 810110CF1DD207B0007D39AC;
					};
				};
			};
			buildConfigurationList = 810110CB1DD207B0007D39AC /* Build configuration list for PBXProject "DatabaseExample" */;
			compatibilityVersion = "Xcode 3.2";
			developmentRegion = English;
			hasScannedForEncodings = 0;
			knownRegions = (
				en,
				Base,
			);
			mainGroup = 810110C71DD207B0007D39AC;
			productRefGroup = 810110D11DD207B0007D39AC /* Products */;
			projectDirPath = "";
			projectRoot = "";
			targets = (
				810110CF1DD207B0007D39AC /* DatabaseExample */,
				810110E31DD207B0007D39AC /* DatabaseExampleTests */,
			);
		};
/* End PBXProject section */

/* Begin PBXResourcesBuildPhase section */
		810110CE1DD207B0007D39AC /* Resources */ = {
			isa = PBXResourcesBuildPhase;
			buildActionMask = 2147483647;
			files = (
				810110DE1DD207B0007D39AC /* LaunchScreen.storyboard in Resources */,
				810110DB1DD207B0007D39AC /* Assets.xcassets in Resources */,
				810110D91DD207B0007D39AC /* Main.storyboard in Resources */,
			);
			runOnlyForDeploymentPostprocessing = 0;
		};
		810110E21DD207B0007D39AC /* Resources */ = {
			isa = PBXResourcesBuildPhase;
			buildActionMask = 2147483647;
			files = (
			);
			runOnlyForDeploymentPostprocessing = 0;
		};
/* End PBXResourcesBuildPhase section */

/* Begin PBXSourcesBuildPhase section */
		810110CC1DD207B0007D39AC /* Sources */ = {
			isa = PBXSourcesBuildPhase;
			buildActionMask = 2147483647;
			files = (
				810111441DD21386007D39AC /* FMDatabase.m in Sources */,
				810110D61DD207B0007D39AC /* ViewController.swift in Sources */,
				810111481DD21386007D39AC /* FMResultSet.m in Sources */,
				810111461DD21386007D39AC /* FMDatabasePool.m in Sources */,
				810110D41DD207B0007D39AC /* AppDelegate.swift in Sources */,
				810111451DD21386007D39AC /* FMDatabaseAdditions.m in Sources */,
				810111471DD21386007D39AC /* FMDatabaseQueue.m in Sources */,
			);
			runOnlyForDeploymentPostprocessing = 0;
		};
		810110E01DD207B0007D39AC /* Sources */ = {
			isa = PBXSourcesBuildPhase;
			buildActionMask = 2147483647;
			files = (
				810110E91DD207B0007D39AC /* DatabaseExampleTests.swift in Sources */,
			);
			runOnlyForDeploymentPostprocessing = 0;
		};
/* End PBXSourcesBuildPhase section */

/* Begin PBXTargetDependency section */
		810110E61DD207B0007D39AC /* PBXTargetDependency */ = {
			isa = PBXTargetDependency;
			target = 810110CF1DD207B0007D39AC /* DatabaseExample */;
			targetProxy = 810110E51DD207B0007D39AC /* PBXContainerItemProxy */;
		};
/* End PBXTargetDependency section */

/* Begin PBXVariantGroup section */
		810110D71DD207B0007D39AC /* Main.storyboard */ = {
			isa = PBXVariantGroup;
			children = (
				810110D81DD207B0007D39AC /* Base */,
			);
			name = Main.storyboard;
			sourceTree = "<group>";
		};
		810110DC1DD207B0007D39AC /* LaunchScreen.storyboard */ = {
			isa = PBXVariantGroup;
			children = (
				810110DD1DD207B0007D39AC /* Base */,
			);
			name = LaunchScreen.storyboard;
			sourceTree = "<group>";
		};
/* End PBXVariantGroup section */

/* Begin XCBuildConfiguration section */
		810110EB1DD207B0007D39AC /* Debug */ = {
			isa = XCBuildConfiguration;
			buildSettings = {
				ALWAYS_SEARCH_USER_PATHS = NO;
				CLANG_ANALYZER_NONNULL = YES;
				CLANG_CXX_LANGUAGE_STANDARD = "gnu++0x";
				CLANG_CXX_LIBRARY = "libc++";
				CLANG_ENABLE_MODULES = YES;
				CLANG_ENABLE_OBJC_ARC = YES;
				CLANG_WARN_BOOL_CONVERSION = YES;
				CLANG_WARN_CONSTANT_CONVERSION = YES;
				CLANG_WARN_DIRECT_OBJC_ISA_USAGE = YES_ERROR;
				CLANG_WARN_DOCUMENTATION_COMMENTS = YES;
				CLANG_WARN_EMPTY_BODY = YES;
				CLANG_WARN_ENUM_CONVERSION = YES;
				CLANG_WARN_INFINITE_RECURSION = YES;
				CLANG_WARN_INT_CONVERSION = YES;
				CLANG_WARN_OBJC_ROOT_CLASS = YES_ERROR;
				CLANG_WARN_SUSPICIOUS_MOVES = YES;
				CLANG_WARN_UNREACHABLE_CODE = YES;
				CLANG_WARN__DUPLICATE_METHOD_MATCH = YES;
				"CODE_SIGN_IDENTITY[sdk=iphoneos*]" = "iPhone Developer";
				COPY_PHASE_STRIP = NO;
				DEBUG_INFORMATION_FORMAT = dwarf;
				ENABLE_STRICT_OBJC_MSGSEND = YES;
				ENABLE_TESTABILITY = YES;
				GCC_C_LANGUAGE_STANDARD = gnu99;
				GCC_DYNAMIC_NO_PIC = NO;
				GCC_NO_COMMON_BLOCKS = YES;
				GCC_OPTIMIZATION_LEVEL = 0;
				GCC_PREPROCESSOR_DEFINITIONS = (
					"DEBUG=1",
					"$(inherited)",
				);
				GCC_WARN_64_TO_32_BIT_CONVERSION = YES;
				GCC_WARN_ABOUT_RETURN_TYPE = YES_ERROR;
				GCC_WARN_UNDECLARED_SELECTOR = YES;
				GCC_WARN_UNINITIALIZED_AUTOS = YES_AGGRESSIVE;
				GCC_WARN_UNUSED_FUNCTION = YES;
				GCC_WARN_UNUSED_VARIABLE = YES;
				IPHONEOS_DEPLOYMENT_TARGET = 10.1;
				MTL_ENABLE_DEBUG_INFO = YES;
				ONLY_ACTIVE_ARCH = YES;
				SDKROOT = iphoneos;
				SWIFT_ACTIVE_COMPILATION_CONDITIONS = DEBUG;
				SWIFT_OPTIMIZATION_LEVEL = "-Onone";
				TARGETED_DEVICE_FAMILY = "1,2";
			};
			name = Debug;
		};
		810110EC1DD207B0007D39AC /* Release */ = {
			isa = XCBuildConfiguration;
			buildSettings = {
				ALWAYS_SEARCH_USER_PATHS = NO;
				CLANG_ANALYZER_NONNULL = YES;
				CLANG_CXX_LANGUAGE_STANDARD = "gnu++0x";
				CLANG_CXX_LIBRARY = "libc++";
				CLANG_ENABLE_MODULES = YES;
				CLANG_ENABLE_OBJC_ARC = YES;
				CLANG_WARN_BOOL_CONVERSION = YES;
				CLANG_WARN_CONSTANT_CONVERSION = YES;
				CLANG_WARN_DIRECT_OBJC_ISA_USAGE = YES_ERROR;
				CLANG_WARN_DOCUMENTATION_COMMENTS = YES;
				CLANG_WARN_EMPTY_BODY = YES;
				CLANG_WARN_ENUM_CONVERSION = YES;
				CLANG_WARN_INFINITE_RECURSION = YES;
				CLANG_WARN_INT_CONVERSION = YES;
				CLANG_WARN_OBJC_ROOT_CLASS = YES_ERROR;
				CLANG_WARN_SUSPICIOUS_MOVES = YES;
				CLANG_WARN_UNREACHABLE_CODE = YES;
				CLANG_WARN__DUPLICATE_METHOD_MATCH = YES;
				"CODE_SIGN_IDENTITY[sdk=iphoneos*]" = "iPhone Developer";
				COPY_PHASE_STRIP = NO;
				DEBUG_INFORMATION_FORMAT = "dwarf-with-dsym";
				ENABLE_NS_ASSERTIONS = NO;
				ENABLE_STRICT_OBJC_MSGSEND = YES;
				GCC_C_LANGUAGE_STANDARD = gnu99;
				GCC_NO_COMMON_BLOCKS = YES;
				GCC_WARN_64_TO_32_BIT_CONVERSION = YES;
				GCC_WARN_ABOUT_RETURN_TYPE = YES_ERROR;
				GCC_WARN_UNDECLARED_SELECTOR = YES;
				GCC_WARN_UNINITIALIZED_AUTOS = YES_AGGRESSIVE;
				GCC_WARN_UNUSED_FUNCTION = YES;
				GCC_WARN_UNUSED_VARIABLE = YES;
				IPHONEOS_DEPLOYMENT_TARGET = 10.1;
				MTL_ENABLE_DEBUG_INFO = NO;
				SDKROOT = iphoneos;
				SWIFT_OPTIMIZATION_LEVEL = "-Owholemodule";
				TARGETED_DEVICE_FAMILY = "1,2";
				VALIDATE_PRODUCT = YES;
			};
			name = Release;
		};
		810110EE1DD207B0007D39AC /* Debug */ = {
			isa = XCBuildConfiguration;
			buildSettings = {
				ASSETCATALOG_COMPILER_APPICON_NAME = AppIcon;
				CLANG_ENABLE_MODULES = YES;
				DEVELOPMENT_TEAM = U2ZN2W2UQJ;
				INFOPLIST_FILE = DatabaseExample/Info.plist;
				LD_RUNPATH_SEARCH_PATHS = "$(inherited) @executable_path/Frameworks";
				PRODUCT_BUNDLE_IDENTIFIER = ca.on.rsgc.DatabaseExample;
				PRODUCT_NAME = "$(TARGET_NAME)";
				SWIFT_OBJC_BRIDGING_HEADER = "DatabaseExample/DatabaseExample-Bridging-Header.h";
				SWIFT_OPTIMIZATION_LEVEL = "-Onone";
				SWIFT_VERSION = 3.0;
			};
			name = Debug;
		};
		810110EF1DD207B0007D39AC /* Release */ = {
			isa = XCBuildConfiguration;
			buildSettings = {
				ASSETCATALOG_COMPILER_APPICON_NAME = AppIcon;
				CLANG_ENABLE_MODULES = YES;
				DEVELOPMENT_TEAM = U2ZN2W2UQJ;
				INFOPLIST_FILE = DatabaseExample/Info.plist;
				LD_RUNPATH_SEARCH_PATHS = "$(inherited) @executable_path/Frameworks";
				PRODUCT_BUNDLE_IDENTIFIER = ca.on.rsgc.DatabaseExample;
				PRODUCT_NAME = "$(TARGET_NAME)";
				SWIFT_OBJC_BRIDGING_HEADER = "DatabaseExample/DatabaseExample-Bridging-Header.h";
				SWIFT_VERSION = 3.0;
			};
			name = Release;
		};
		810110F11DD207B0007D39AC /* Debug */ = {
			isa = XCBuildConfiguration;
			buildSettings = {
				ALWAYS_EMBED_SWIFT_STANDARD_LIBRARIES = YES;
				BUNDLE_LOADER = "$(TEST_HOST)";
				DEVELOPMENT_TEAM = U2ZN2W2UQJ;
				INFOPLIST_FILE = DatabaseExampleTests/Info.plist;
				LD_RUNPATH_SEARCH_PATHS = "$(inherited) @executable_path/Frameworks @loader_path/Frameworks";
				PRODUCT_BUNDLE_IDENTIFIER = ca.on.rsgc.DatabaseExampleTests;
				PRODUCT_NAME = "$(TARGET_NAME)";
				SWIFT_VERSION = 3.0;
				TEST_HOST = "$(BUILT_PRODUCTS_DIR)/DatabaseExample.app/DatabaseExample";
			};
			name = Debug;
		};
		810110F21DD207B0007D39AC /* Release */ = {
			isa = XCBuildConfiguration;
			buildSettings = {
				ALWAYS_EMBED_SWIFT_STANDARD_LIBRARIES = YES;
				BUNDLE_LOADER = "$(TEST_HOST)";
				DEVELOPMENT_TEAM = U2ZN2W2UQJ;
				INFOPLIST_FILE = DatabaseExampleTests/Info.plist;
				LD_RUNPATH_SEARCH_PATHS = "$(inherited) @executable_path/Frameworks @loader_path/Frameworks";
				PRODUCT_BUNDLE_IDENTIFIER = ca.on.rsgc.DatabaseExampleTests;
				PRODUCT_NAME = "$(TARGET_NAME)";
				SWIFT_VERSION = 3.0;
				TEST_HOST = "$(BUILT_PRODUCTS_DIR)/DatabaseExample.app/DatabaseExample";
			};
			name = Release;
		};
/* End XCBuildConfiguration section */

/* Begin XCConfigurationList section */
		810110CB1DD207B0007D39AC /* Build configuration list for PBXProject "DatabaseExample" */ = {
			isa = XCConfigurationList;
			buildConfigurations = (
				810110EB1DD207B0007D39AC /* Debug */,
				810110EC1DD207B0007D39AC /* Release */,
			);
			defaultConfigurationIsVisible = 0;
			defaultConfigurationName = Release;
		};
		810110ED1DD207B0007D39AC /* Build configuration list for PBXNativeTarget "DatabaseExample" */ = {
			isa = XCConfigurationList;
			buildConfigurations = (
				810110EE1DD207B0007D39AC /* Debug */,
				810110EF1DD207B0007D39AC /* Release */,
			);
			defaultConfigurationIsVisible = 0;
		};
		810110F01DD207B0007D39AC /* Build configuration list for PBXNativeTarget "DatabaseExampleTests" */ = {
			isa = XCConfigurationList;
			buildConfigurations = (
				810110F11DD207B0007D39AC /* Debug */,
				810110F21DD207B0007D39AC /* Release */,
			);
			defaultConfigurationIsVisible = 0;
		};
/* End XCConfigurationList section */
	};
	rootObject = 810110C81DD207B0007D39AC /* Project object */;
}
